// !$*UTF8*$!
{
	archiveVersion = 1;
	classes = {
	};
	objectVersion = 46;
	objects = {

/* Begin PBXBuildFile section */
		0012F10B1AF67412009DCF9A /* XHBLEManager.m in Sources */ = {isa = PBXBuildFile; fileRef = 0012F1051AF67412009DCF9A /* XHBLEManager.m */; };
		0012F10C1AF67412009DCF9A /* XHBLESettingVC.m in Sources */ = {isa = PBXBuildFile; fileRef = 0012F1091AF67412009DCF9A /* XHBLESettingVC.m */; };
		A88EF46358134674BE8C7D11 /* libPods-XiHaBearClientTests.a in Frameworks */ = {isa = PBXBuildFile; fileRef = 2A6D5B826E564CBA84FB53D5 /* libPods-XiHaBearClientTests.a */; };
		D37772901AF06F6500CE2406 /* main.m in Sources */ = {isa = PBXBuildFile; fileRef = D377728F1AF06F6500CE2406 /* main.m */; };
		D37772931AF06F6500CE2406 /* AppDelegate.m in Sources */ = {isa = PBXBuildFile; fileRef = D37772921AF06F6500CE2406 /* AppDelegate.m */; };
		D377729B1AF06F6500CE2406 /* Images.xcassets in Resources */ = {isa = PBXBuildFile; fileRef = D377729A1AF06F6500CE2406 /* Images.xcassets */; };
		D37772AA1AF06F6500CE2406 /* XiHaBearClientTests.m in Sources */ = {isa = PBXBuildFile; fileRef = D37772A91AF06F6500CE2406 /* XiHaBearClientTests.m */; };
		D37772B81AF0704000CE2406 /* CoreBluetooth.framework in Frameworks */ = {isa = PBXBuildFile; fileRef = D37772B71AF0704000CE2406 /* CoreBluetooth.framework */; };
/* End PBXBuildFile section */

/* Begin PBXContainerItemProxy section */
		D37772A41AF06F6500CE2406 /* PBXContainerItemProxy */ = {
			isa = PBXContainerItemProxy;
			containerPortal = D37772821AF06F6500CE2406 /* Project object */;
			proxyType = 1;
			remoteGlobalIDString = D37772891AF06F6500CE2406;
			remoteInfo = XiHaBearClient;
		};
/* End PBXContainerItemProxy section */

/* Begin PBXFileReference section */
		0012F1021AF67412009DCF9A /* GlobleDefine.h */ = {isa = PBXFileReference; fileEncoding = 4; lastKnownFileType = sourcecode.c.h; path = GlobleDefine.h; sourceTree = "<group>"; };
		0012F1041AF67412009DCF9A /* XHBLEManager.h */ = {isa = PBXFileReference; fileEncoding = 4; lastKnownFileType = sourcecode.c.h; path = XHBLEManager.h; sourceTree = "<group>"; };
		0012F1051AF67412009DCF9A /* XHBLEManager.m */ = {isa = PBXFileReference; fileEncoding = 4; lastKnownFileType = sourcecode.c.objc; path = XHBLEManager.m; sourceTree = "<group>"; };
		0012F1081AF67412009DCF9A /* XHBLESettingVC.h */ = {isa = PBXFileReference; fileEncoding = 4; lastKnownFileType = sourcecode.c.h; path = XHBLESettingVC.h; sourceTree = "<group>"; };
		0012F1091AF67412009DCF9A /* XHBLESettingVC.m */ = {isa = PBXFileReference; fileEncoding = 4; lastKnownFileType = sourcecode.c.objc; path = XHBLESettingVC.m; sourceTree = "<group>"; };
		0012F10D1AF6743B009DCF9A /* XiHaBearClient.pch */ = {isa = PBXFileReference; fileEncoding = 4; lastKnownFileType = sourcecode.c.h; path = XiHaBearClient.pch; sourceTree = "<group>"; };
		2A6D5B826E564CBA84FB53D5 /* libPods-XiHaBearClientTests.a */ = {isa = PBXFileReference; explicitFileType = archive.ar; includeInIndex = 0; path = "libPods-XiHaBearClientTests.a"; sourceTree = BUILT_PRODUCTS_DIR; };
		7F62EF2554FC4D40A3D36B25 /* Pods-XiHaBearClientTests.xcconfig */ = {isa = PBXFileReference; includeInIndex = 1; lastKnownFileType = text.xcconfig; name = "Pods-XiHaBearClientTests.xcconfig"; path = "Pods/Pods-XiHaBearClientTests.xcconfig"; sourceTree = "<group>"; };
		D377728A1AF06F6500CE2406 /* XiHaBearClient.app */ = {isa = PBXFileReference; explicitFileType = wrapper.application; includeInIndex = 0; path = XiHaBearClient.app; sourceTree = BUILT_PRODUCTS_DIR; };
		D377728E1AF06F6500CE2406 /* Info.plist */ = {isa = PBXFileReference; lastKnownFileType = text.plist.xml; path = Info.plist; sourceTree = "<group>"; };
		D377728F1AF06F6500CE2406 /* main.m */ = {isa = PBXFileReference; lastKnownFileType = sourcecode.c.objc; path = main.m; sourceTree = "<group>"; };
		D37772911AF06F6500CE2406 /* AppDelegate.h */ = {isa = PBXFileReference; lastKnownFileType = sourcecode.c.h; path = AppDelegate.h; sourceTree = "<group>"; };
		D37772921AF06F6500CE2406 /* AppDelegate.m */ = {isa = PBXFileReference; lastKnownFileType = sourcecode.c.objc; path = AppDelegate.m; sourceTree = "<group>"; };
		D377729A1AF06F6500CE2406 /* Images.xcassets */ = {isa = PBXFileReference; lastKnownFileType = folder.assetcatalog; path = Images.xcassets; sourceTree = "<group>"; };
		D37772A31AF06F6500CE2406 /* XiHaBearClientTests.xctest */ = {isa = PBXFileReference; explicitFileType = wrapper.cfbundle; includeInIndex = 0; path = XiHaBearClientTests.xctest; sourceTree = BUILT_PRODUCTS_DIR; };
		D37772A81AF06F6500CE2406 /* Info.plist */ = {isa = PBXFileReference; lastKnownFileType = text.plist.xml; path = Info.plist; sourceTree = "<group>"; };
		D37772A91AF06F6500CE2406 /* XiHaBearClientTests.m */ = {isa = PBXFileReference; lastKnownFileType = sourcecode.c.objc; path = XiHaBearClientTests.m; sourceTree = "<group>"; };
		D37772B71AF0704000CE2406 /* CoreBluetooth.framework */ = {isa = PBXFileReference; lastKnownFileType = wrapper.framework; name = CoreBluetooth.framework; path = System/Library/Frameworks/CoreBluetooth.framework; sourceTree = SDKROOT; };
/* End PBXFileReference section */

/* Begin PBXFrameworksBuildPhase section */
		D37772871AF06F6500CE2406 /* Frameworks */ = {
			isa = PBXFrameworksBuildPhase;
			buildActionMask = 2147483647;
			files = (
				D37772B81AF0704000CE2406 /* CoreBluetooth.framework in Frameworks */,
			);
			runOnlyForDeploymentPostprocessing = 0;
		};
		D37772A01AF06F6500CE2406 /* Frameworks */ = {
			isa = PBXFrameworksBuildPhase;
			buildActionMask = 2147483647;
			files = (
				A88EF46358134674BE8C7D11 /* libPods-XiHaBearClientTests.a in Frameworks */,
			);
			runOnlyForDeploymentPostprocessing = 0;
		};
/* End PBXFrameworksBuildPhase section */

/* Begin PBXGroup section */
		0012F0FF1AF67412009DCF9A /* CommonClass */ = {
			isa = PBXGroup;
			children = (
				0012F1001AF67412009DCF9A /* Foundation */,
				0012F1011AF67412009DCF9A /* Globle */,
				0012F1031AF67412009DCF9A /* XHBLE */,
			);
			path = CommonClass;
			sourceTree = "<group>";
		};
		0012F1001AF67412009DCF9A /* Foundation */ = {
			isa = PBXGroup;
			children = (
			);
			path = Foundation;
			sourceTree = "<group>";
		};
		0012F1011AF67412009DCF9A /* Globle */ = {
			isa = PBXGroup;
			children = (
				0012F1021AF67412009DCF9A /* GlobleDefine.h */,
			);
			path = Globle;
			sourceTree = "<group>";
		};
		0012F1031AF67412009DCF9A /* XHBLE */ = {
			isa = PBXGroup;
			children = (
				0012F1041AF67412009DCF9A /* XHBLEManager.h */,
				0012F1051AF67412009DCF9A /* XHBLEManager.m */,
			);
			path = XHBLE;
			sourceTree = "<group>";
		};
		0012F1061AF67412009DCF9A /* GUI */ = {
			isa = PBXGroup;
			children = (
				0012F1071AF67412009DCF9A /* Controllers */,
				0012F10A1AF67412009DCF9A /* Views */,
			);
			path = GUI;
			sourceTree = "<group>";
		};
		0012F1071AF67412009DCF9A /* Controllers */ = {
			isa = PBXGroup;
			children = (
				0012F1081AF67412009DCF9A /* XHBLESettingVC.h */,
				0012F1091AF67412009DCF9A /* XHBLESettingVC.m */,
			);
			path = Controllers;
			sourceTree = "<group>";
		};
		0012F10A1AF67412009DCF9A /* Views */ = {
			isa = PBXGroup;
			children = (
			);
			path = Views;
			sourceTree = "<group>";
		};
		0012F10E1AF67445009DCF9A /* DataModel */ = {
			isa = PBXGroup;
			children = (
			);
			path = DataModel;
			sourceTree = "<group>";
		};
		0796A317BC564C3AAB3A18B6 /* Frameworks */ = {
			isa = PBXGroup;
			children = (
				2A6D5B826E564CBA84FB53D5 /* libPods-XiHaBearClientTests.a */,
			);
			name = Frameworks;
			sourceTree = "<group>";
		};
		D37772811AF06F6500CE2406 = {
			isa = PBXGroup;
			children = (
				D377728C1AF06F6500CE2406 /* XiHaBearClient */,
				D37772A61AF06F6500CE2406 /* XiHaBearClientTests */,
				D377728B1AF06F6500CE2406 /* Products */,
				7F62EF2554FC4D40A3D36B25 /* Pods-XiHaBearClientTests.xcconfig */,
				0796A317BC564C3AAB3A18B6 /* Frameworks */,
			);
			sourceTree = "<group>";
		};
		D377728B1AF06F6500CE2406 /* Products */ = {
			isa = PBXGroup;
			children = (
				D377728A1AF06F6500CE2406 /* XiHaBearClient.app */,
				D37772A31AF06F6500CE2406 /* XiHaBearClientTests.xctest */,
			);
			name = Products;
			sourceTree = "<group>";
		};
		D377728C1AF06F6500CE2406 /* XiHaBearClient */ = {
			isa = PBXGroup;
			children = (
				0012F10E1AF67445009DCF9A /* DataModel */,
				0012F0FF1AF67412009DCF9A /* CommonClass */,
				0012F1061AF67412009DCF9A /* GUI */,
				D37772B61AF06FCA00CE2406 /* FrameWorks */,
				D37772911AF06F6500CE2406 /* AppDelegate.h */,
				D37772921AF06F6500CE2406 /* AppDelegate.m */,
				D377729A1AF06F6500CE2406 /* Images.xcassets */,
				D377728D1AF06F6500CE2406 /* Supporting Files */,
			);
			path = XiHaBearClient;
			sourceTree = "<group>";
		};
		D377728D1AF06F6500CE2406 /* Supporting Files */ = {
			isa = PBXGroup;
			children = (
				0012F10D1AF6743B009DCF9A /* XiHaBearClient.pch */,
				D377728E1AF06F6500CE2406 /* Info.plist */,
				D377728F1AF06F6500CE2406 /* main.m */,
			);
			name = "Supporting Files";
			sourceTree = "<group>";
		};
		D37772A61AF06F6500CE2406 /* XiHaBearClientTests */ = {
			isa = PBXGroup;
			children = (
				D37772A91AF06F6500CE2406 /* XiHaBearClientTests.m */,
				D37772A71AF06F6500CE2406 /* Supporting Files */,
			);
			path = XiHaBearClientTests;
			sourceTree = "<group>";
		};
		D37772A71AF06F6500CE2406 /* Supporting Files */ = {
			isa = PBXGroup;
			children = (
				D37772A81AF06F6500CE2406 /* Info.plist */,
			);
			name = "Supporting Files";
			sourceTree = "<group>";
		};
		D37772B61AF06FCA00CE2406 /* FrameWorks */ = {
			isa = PBXGroup;
			children = (
				D37772B71AF0704000CE2406 /* CoreBluetooth.framework */,
			);
			path = FrameWorks;
			sourceTree = "<group>";
		};
/* End PBXGroup section */

/* Begin PBXNativeTarget section */
		D37772891AF06F6500CE2406 /* XiHaBearClient */ = {
			isa = PBXNativeTarget;
			buildConfigurationList = D37772AD1AF06F6500CE2406 /* Build configuration list for PBXNativeTarget "XiHaBearClient" */;
			buildPhases = (
				D37772861AF06F6500CE2406 /* Sources */,
				D37772871AF06F6500CE2406 /* Frameworks */,
				D37772881AF06F6500CE2406 /* Resources */,
			);
			buildRules = (
			);
			dependencies = (
			);
			name = XiHaBearClient;
			productName = XiHaBearClient;
			productReference = D377728A1AF06F6500CE2406 /* XiHaBearClient.app */;
			productType = "com.apple.product-type.application";
		};
		D37772A21AF06F6500CE2406 /* XiHaBearClientTests */ = {
			isa = PBXNativeTarget;
			buildConfigurationList = D37772B01AF06F6500CE2406 /* Build configuration list for PBXNativeTarget "XiHaBearClientTests" */;
			buildPhases = (
				5D6357B49D124A37A210D77D /* Check Pods Manifest.lock */,
				D377729F1AF06F6500CE2406 /* Sources */,
				D37772A01AF06F6500CE2406 /* Frameworks */,
				D37772A11AF06F6500CE2406 /* Resources */,
				F89F8AEC992B4C6FA00F8A30 /* Copy Pods Resources */,
			);
			buildRules = (
			);
			dependencies = (
				D37772A51AF06F6500CE2406 /* PBXTargetDependency */,
			);
			name = XiHaBearClientTests;
			productName = XiHaBearClientTests;
			productReference = D37772A31AF06F6500CE2406 /* XiHaBearClientTests.xctest */;
			productType = "com.apple.product-type.bundle.unit-test";
		};
/* End PBXNativeTarget section */

/* Begin PBXProject section */
		D37772821AF06F6500CE2406 /* Project object */ = {
			isa = PBXProject;
			attributes = {
				LastUpgradeCheck = 0610;
				ORGANIZATIONNAME = XiHaBear;
				TargetAttributes = {
					D37772891AF06F6500CE2406 = {
						CreatedOnToolsVersion = 6.1;
					};
					D37772A21AF06F6500CE2406 = {
						CreatedOnToolsVersion = 6.1;
						TestTargetID = D37772891AF06F6500CE2406;
					};
				};
			};
			buildConfigurationList = D37772851AF06F6500CE2406 /* Build configuration list for PBXProject "XiHaBearClient" */;
			compatibilityVersion = "Xcode 3.2";
			developmentRegion = English;
			hasScannedForEncodings = 0;
			knownRegions = (
				en,
				Base,
			);
			mainGroup = D37772811AF06F6500CE2406;
			productRefGroup = D377728B1AF06F6500CE2406 /* Products */;
			projectDirPath = "";
			projectRoot = "";
			targets = (
				D37772891AF06F6500CE2406 /* XiHaBearClient */,
				D37772A21AF06F6500CE2406 /* XiHaBearClientTests */,
			);
		};
/* End PBXProject section */

/* Begin PBXResourcesBuildPhase section */
		D37772881AF06F6500CE2406 /* Resources */ = {
			isa = PBXResourcesBuildPhase;
			buildActionMask = 2147483647;
			files = (
				D377729B1AF06F6500CE2406 /* Images.xcassets in Resources */,
			);
			runOnlyForDeploymentPostprocessing = 0;
		};
		D37772A11AF06F6500CE2406 /* Resources */ = {
			isa = PBXResourcesBuildPhase;
			buildActionMask = 2147483647;
			files = (
			);
			runOnlyForDeploymentPostprocessing = 0;
		};
/* End PBXResourcesBuildPhase section */

/* Begin PBXShellScriptBuildPhase section */
		5D6357B49D124A37A210D77D /* Check Pods Manifest.lock */ = {
			isa = PBXShellScriptBuildPhase;
			buildActionMask = 2147483647;
			files = (
			);
			inputPaths = (
			);
			name = "Check Pods Manifest.lock";
			outputPaths = (
			);
			runOnlyForDeploymentPostprocessing = 0;
			shellPath = /bin/sh;
			shellScript = "diff \"${PODS_ROOT}/../Podfile.lock\" \"${PODS_ROOT}/Manifest.lock\" > /dev/null\nif [[ $? != 0 ]] ; then\n    cat << EOM\nerror: The sandbox is not in sync with the Podfile.lock. Run 'pod install' or update your CocoaPods installation.\nEOM\n    exit 1\nfi\n";
			showEnvVarsInLog = 0;
		};
		F89F8AEC992B4C6FA00F8A30 /* Copy Pods Resources */ = {
			isa = PBXShellScriptBuildPhase;
			buildActionMask = 2147483647;
			files = (
			);
			inputPaths = (
			);
			name = "Copy Pods Resources";
			outputPaths = (
			);
			runOnlyForDeploymentPostprocessing = 0;
			shellPath = /bin/sh;
			shellScript = "\"${SRCROOT}/Pods/Pods-XiHaBearClientTests-resources.sh\"\n";
			showEnvVarsInLog = 0;
		};
/* End PBXShellScriptBuildPhase section */

/* Begin PBXSourcesBuildPhase section */
		D37772861AF06F6500CE2406 /* Sources */ = {
			isa = PBXSourcesBuildPhase;
			buildActionMask = 2147483647;
			files = (
				0012F10B1AF67412009DCF9A /* XHBLEManager.m in Sources */,
				0012F10C1AF67412009DCF9A /* XHBLESettingVC.m in Sources */,
				D37772931AF06F6500CE2406 /* AppDelegate.m in Sources */,
				D37772901AF06F6500CE2406 /* main.m in Sources */,
			);
			runOnlyForDeploymentPostprocessing = 0;
		};
		D377729F1AF06F6500CE2406 /* Sources */ = {
			isa = PBXSourcesBuildPhase;
			buildActionMask = 2147483647;
			files = (
				D37772AA1AF06F6500CE2406 /* XiHaBearClientTests.m in Sources */,
			);
			runOnlyForDeploymentPostprocessing = 0;
		};
/* End PBXSourcesBuildPhase section */

/* Begin PBXTargetDependency section */
		D37772A51AF06F6500CE2406 /* PBXTargetDependency */ = {
			isa = PBXTargetDependency;
			target = D37772891AF06F6500CE2406 /* XiHaBearClient */;
			targetProxy = D37772A41AF06F6500CE2406 /* PBXContainerItemProxy */;
		};
/* End PBXTargetDependency section */

/* Begin XCBuildConfiguration section */
		D37772AB1AF06F6500CE2406 /* Debug */ = {
			isa = XCBuildConfiguration;
			buildSettings = {
				ALWAYS_SEARCH_USER_PATHS = NO;
				CLANG_CXX_LANGUAGE_STANDARD = "gnu++0x";
				CLANG_CXX_LIBRARY = "libc++";
				CLANG_ENABLE_MODULES = YES;
				CLANG_ENABLE_OBJC_ARC = YES;
				CLANG_WARN_BOOL_CONVERSION = YES;
				CLANG_WARN_CONSTANT_CONVERSION = YES;
				CLANG_WARN_DIRECT_OBJC_ISA_USAGE = YES_ERROR;
				CLANG_WARN_EMPTY_BODY = YES;
				CLANG_WARN_ENUM_CONVERSION = YES;
				CLANG_WARN_INT_CONVERSION = YES;
				CLANG_WARN_OBJC_ROOT_CLASS = YES_ERROR;
				CLANG_WARN_UNREACHABLE_CODE = YES;
				CLANG_WARN__DUPLICATE_METHOD_MATCH = YES;
				"CODE_SIGN_IDENTITY[sdk=iphoneos*]" = "iPhone Developer";
				COPY_PHASE_STRIP = NO;
				ENABLE_STRICT_OBJC_MSGSEND = YES;
				GCC_C_LANGUAGE_STANDARD = gnu99;
				GCC_DYNAMIC_NO_PIC = NO;
				GCC_OPTIMIZATION_LEVEL = 0;
				GCC_PREPROCESSOR_DEFINITIONS = (
					"DEBUG=1",
					"$(inherited)",
				);
				GCC_SYMBOLS_PRIVATE_EXTERN = NO;
				GCC_WARN_64_TO_32_BIT_CONVERSION = YES;
				GCC_WARN_ABOUT_RETURN_TYPE = YES_ERROR;
				GCC_WARN_UNDECLARED_SELECTOR = YES;
				GCC_WARN_UNINITIALIZED_AUTOS = YES_AGGRESSIVE;
				GCC_WARN_UNUSED_FUNCTION = YES;
				GCC_WARN_UNUSED_VARIABLE = YES;
				IPHONEOS_DEPLOYMENT_TARGET = 8.1;
				MTL_ENABLE_DEBUG_INFO = YES;
				ONLY_ACTIVE_ARCH = YES;
				SDKROOT = iphoneos;
			};
			name = Debug;
		};
		D37772AC1AF06F6500CE2406 /* Release */ = {
			isa = XCBuildConfiguration;
			buildSettings = {
				ALWAYS_SEARCH_USER_PATHS = NO;
				CLANG_CXX_LANGUAGE_STANDARD = "gnu++0x";
				CLANG_CXX_LIBRARY = "libc++";
				CLANG_ENABLE_MODULES = YES;
				CLANG_ENABLE_OBJC_ARC = YES;
				CLANG_WARN_BOOL_CONVERSION = YES;
				CLANG_WARN_CONSTANT_CONVERSION = YES;
				CLANG_WARN_DIRECT_OBJC_ISA_USAGE = YES_ERROR;
				CLANG_WARN_EMPTY_BODY = YES;
				CLANG_WARN_ENUM_CONVERSION = YES;
				CLANG_WARN_INT_CONVERSION = YES;
				CLANG_WARN_OBJC_ROOT_CLASS = YES_ERROR;
				CLANG_WARN_UNREACHABLE_CODE = YES;
				CLANG_WARN__DUPLICATE_METHOD_MATCH = YES;
				"CODE_SIGN_IDENTITY[sdk=iphoneos*]" = "iPhone Developer";
				COPY_PHASE_STRIP = YES;
				ENABLE_NS_ASSERTIONS = NO;
				ENABLE_STRICT_OBJC_MSGSEND = YES;
				GCC_C_LANGUAGE_STANDARD = gnu99;
				GCC_WARN_64_TO_32_BIT_CONVERSION = YES;
				GCC_WARN_ABOUT_RETURN_TYPE = YES_ERROR;
				GCC_WARN_UNDECLARED_SELECTOR = YES;
				GCC_WARN_UNINITIALIZED_AUTOS = YES_AGGRESSIVE;
				GCC_WARN_UNUSED_FUNCTION = YES;
				GCC_WARN_UNUSED_VARIABLE = YES;
				IPHONEOS_DEPLOYMENT_TARGET = 8.1;
				MTL_ENABLE_DEBUG_INFO = NO;
				SDKROOT = iphoneos;
				VALIDATE_PRODUCT = YES;
			};
			name = Release;
		};
		D37772AE1AF06F6500CE2406 /* Debug */ = {
			isa = XCBuildConfiguration;
			buildSettings = {
				ASSETCATALOG_COMPILER_APPICON_NAME = AppIcon;
				ASSETCATALOG_COMPILER_LAUNCHIMAGE_NAME = LaunchImage;
				GCC_PRECOMPILE_PREFIX_HEADER = YES;
				GCC_PREFIX_HEADER = "$(SRCROOT)/XiHaBearClient/XiHaBearClient.pch";
				INFOPLIST_FILE = XiHaBearClient/Info.plist;
				IPHONEOS_DEPLOYMENT_TARGET = 7.0;
				LD_RUNPATH_SEARCH_PATHS = "$(inherited) @executable_path/Frameworks";
				PRODUCT_NAME = "$(TARGET_NAME)";
			};
			name = Debug;
		};
		D37772AF1AF06F6500CE2406 /* Release */ = {
			isa = XCBuildConfiguration;
			buildSettings = {
				ASSETCATALOG_COMPILER_APPICON_NAME = AppIcon;
				ASSETCATALOG_COMPILER_LAUNCHIMAGE_NAME = LaunchImage;
				GCC_PRECOMPILE_PREFIX_HEADER = YES;
				GCC_PREFIX_HEADER = "$(SRCROOT)/XiHaBearClient/XiHaBearClient.pch";
				INFOPLIST_FILE = XiHaBearClient/Info.plist;
				IPHONEOS_DEPLOYMENT_TARGET = 7.0;
				LD_RUNPATH_SEARCH_PATHS = "$(inherited) @executable_path/Frameworks";
				PRODUCT_NAME = "$(TARGET_NAME)";
			};
			name = Release;
		};
		D37772B11AF06F6500CE2406 /* Debug */ = {
			isa = XCBuildConfiguration;
			baseConfigurationReference = 7F62EF2554FC4D40A3D36B25 /* Pods-XiHaBearClientTests.xcconfig */;
			buildSettings = {
				BUNDLE_LOADER = "$(TEST_HOST)";
				FRAMEWORK_SEARCH_PATHS = (
					"$(SDKROOT)/Developer/Library/Frameworks",
					"$(inherited)",
				);
				GCC_PREPROCESSOR_DEFINITIONS = (
					"DEBUG=1",
					"$(inherited)",
				);
				INFOPLIST_FILE = XiHaBearClientTests/Info.plist;
				LD_RUNPATH_SEARCH_PATHS = "$(inherited) @executable_path/Frameworks @loader_path/Frameworks";
				PRODUCT_NAME = "$(TARGET_NAME)";
				TEST_HOST = "$(BUILT_PRODUCTS_DIR)/XiHaBearClient.app/XiHaBearClient";
			};
			name = Debug;
		};
		D37772B21AF06F6500CE2406 /* Release */ = {
			isa = XCBuildConfiguration;
			baseConfigurationReference = 7F62EF2554FC4D40A3D36B25 /* Pods-XiHaBearClientTests.xcconfig */;
			buildSettings = {
				BUNDLE_LOADER = "$(TEST_HOST)";
				FRAMEWORK_SEARCH_PATHS = (
					"$(SDKROOT)/Developer/Library/Frameworks",
					"$(inherited)",
				);
				INFOPLIST_FILE = XiHaBearClientTests/Info.plist;
				LD_RUNPATH_SEARCH_PATHS = "$(inherited) @executable_path/Frameworks @loader_path/Frameworks";
				PRODUCT_NAME = "$(TARGET_NAME)";
				TEST_HOST = "$(BUILT_PRODUCTS_DIR)/XiHaBearClient.app/XiHaBearClient";
			};
			name = Release;
		};
/* End XCBuildConfiguration section */

/* Begin XCConfigurationList section */
		D37772851AF06F6500CE2406 /* Build configuration list for PBXProject "XiHaBearClient" */ = {
			isa = XCConfigurationList;
			buildConfigurations = (
				D37772AB1AF06F6500CE2406 /* Debug */,
				D37772AC1AF06F6500CE2406 /* Release */,
			);
			defaultConfigurationIsVisible = 0;
			defaultConfigurationName = Release;
		};
		D37772AD1AF06F6500CE2406 /* Build configuration list for PBXNativeTarget "XiHaBearClient" */ = {
			isa = XCConfigurationList;
			buildConfigurations = (
				D37772AE1AF06F6500CE2406 /* Debug */,
				D37772AF1AF06F6500CE2406 /* Release */,
			);
			defaultConfigurationIsVisible = 0;
			defaultConfigurationName = Release;
		};
		D37772B01AF06F6500CE2406 /* Build configuration list for PBXNativeTarget "XiHaBearClientTests" */ = {
			isa = XCConfigurationList;
			buildConfigurations = (
				D37772B11AF06F6500CE2406 /* Debug */,
				D37772B21AF06F6500CE2406 /* Release */,
			);
			defaultConfigurationIsVisible = 0;
			defaultConfigurationName = Release;
		};
/* End XCConfigurationList section */
	};
	rootObject = D37772821AF06F6500CE2406 /* Project object */;
}
